// !$*UTF8*$!
{
	archiveVersion = 1;
	classes = {
	};
	objectVersion = 46;
	objects = {

/* Begin PBXBuildFile section */
		EE9154D21F73B39E00AE188F /* AppDelegate.swift in Sources */ = {isa = PBXBuildFile; fileRef = EE9154D11F73B39E00AE188F /* AppDelegate.swift */; };
		EE9154D41F73B39E00AE188F /* ViewController.swift in Sources */ = {isa = PBXBuildFile; fileRef = EE9154D31F73B39E00AE188F /* ViewController.swift */; };
		EE9154D71F73B39F00AE188F /* Main.storyboard in Resources */ = {isa = PBXBuildFile; fileRef = EE9154D51F73B39F00AE188F /* Main.storyboard */; };
		EE9154D91F73B39F00AE188F /* Assets.xcassets in Resources */ = {isa = PBXBuildFile; fileRef = EE9154D81F73B39F00AE188F /* Assets.xcassets */; };
		EE9154DC1F73B39F00AE188F /* LaunchScreen.storyboard in Resources */ = {isa = PBXBuildFile; fileRef = EE9154DA1F73B39F00AE188F /* LaunchScreen.storyboard */; };
		EE9154E41F73F14500AE188F /* SecondViewController.swift in Sources */ = {isa = PBXBuildFile; fileRef = EE9154E31F73F14500AE188F /* SecondViewController.swift */; };
/* End PBXBuildFile section */

/* Begin PBXFileReference section */
		EE9154CE1F73B39D00AE188F /* RecipePuppy.app */ = {isa = PBXFileReference; explicitFileType = wrapper.application; includeInIndex = 0; path = RecipePuppy.app; sourceTree = BUILT_PRODUCTS_DIR; };
		EE9154D11F73B39E00AE188F /* AppDelegate.swift */ = {isa = PBXFileReference; lastKnownFileType = sourcecode.swift; path = AppDelegate.swift; sourceTree = "<group>"; };
		EE9154D31F73B39E00AE188F /* ViewController.swift */ = {isa = PBXFileReference; lastKnownFileType = sourcecode.swift; path = ViewController.swift; sourceTree = "<group>"; };
		EE9154D61F73B39F00AE188F /* Base */ = {isa = PBXFileReference; lastKnownFileType = file.storyboard; name = Base; path = Base.lproj/Main.storyboard; sourceTree = "<group>"; };
		EE9154D81F73B39F00AE188F /* Assets.xcassets */ = {isa = PBXFileReference; lastKnownFileType = folder.assetcatalog; path = Assets.xcassets; sourceTree = "<group>"; };
		EE9154DB1F73B39F00AE188F /* Base */ = {isa = PBXFileReference; lastKnownFileType = file.storyboard; name = Base; path = Base.lproj/LaunchScreen.storyboard; sourceTree = "<group>"; };
		EE9154DD1F73B39F00AE188F /* Info.plist */ = {isa = PBXFileReference; lastKnownFileType = text.plist.xml; path = Info.plist; sourceTree = "<group>"; };
		EE9154E31F73F14500AE188F /* SecondViewController.swift */ = {isa = PBXFileReference; fileEncoding = 4; lastKnownFileType = sourcecode.swift; path = SecondViewController.swift; sourceTree = "<group>"; };
/* End PBXFileReference section */

/* Begin PBXFrameworksBuildPhase section */
		EE9154CB1F73B39D00AE188F /* Frameworks */ = {
			isa = PBXFrameworksBuildPhase;
			buildActionMask = 2147483647;
			files = (
			);
			runOnlyForDeploymentPostprocessing = 0;
		};
/* End PBXFrameworksBuildPhase section */

/* Begin PBXGroup section */
		EE9154C51F73B39B00AE188F = {
			isa = PBXGroup;
			children = (
				EE9154D01F73B39D00AE188F /* RecipePuppy */,
				EE9154CF1F73B39D00AE188F /* Products */,
			);
			sourceTree = "<group>";
		};
		EE9154CF1F73B39D00AE188F /* Products */ = {
			isa = PBXGroup;
			children = (
				EE9154CE1F73B39D00AE188F /* RecipePuppy.app */,
			);
			name = Products;
			sourceTree = "<group>";
		};
		EE9154D01F73B39D00AE188F /* RecipePuppy */ = {
			isa = PBXGroup;
			children = (
				EE9154D11F73B39E00AE188F /* AppDelegate.swift */,
				EE9154D31F73B39E00AE188F /* ViewController.swift */,
				EE9154D51F73B39F00AE188F /* Main.storyboard */,
				EE9154E31F73F14500AE188F /* SecondViewController.swift */,
				EE9154D81F73B39F00AE188F /* Assets.xcassets */,
				EE9154DA1F73B39F00AE188F /* LaunchScreen.storyboard */,
				EE9154DD1F73B39F00AE188F /* Info.plist */,
			);
			path = RecipePuppy;
			sourceTree = "<group>";
		};
/* End PBXGroup section */

/* Begin PBXNativeTarget section */
		EE9154CD1F73B39D00AE188F /* RecipePuppy */ = {
			isa = PBXNativeTarget;
			buildConfigurationList = EE9154E01F73B39F00AE188F /* Build configuration list for PBXNativeTarget "RecipePuppy" */;
			buildPhases = (
				EE9154CA1F73B39D00AE188F /* Sources */,
				EE9154CB1F73B39D00AE188F /* Frameworks */,
				EE9154CC1F73B39D00AE188F /* Resources */,
			);
			buildRules = (
			);
			dependencies = (
			);
			name = RecipePuppy;
			productName = RecipePuppy;
			productReference = EE9154CE1F73B39D00AE188F /* RecipePuppy.app */;
			productType = "com.apple.product-type.application";
		};
/* End PBXNativeTarget section */

/* Begin PBXProject section */
		EE9154C61F73B39B00AE188F /* Project object */ = {
			isa = PBXProject;
			attributes = {
				LastSwiftUpdateCheck = 0830;
				LastUpgradeCheck = 0830;
				ORGANIZATIONNAME = apple;
				TargetAttributes = {
					EE9154CD1F73B39D00AE188F = {
						CreatedOnToolsVersion = 8.3.3;
						DevelopmentTeam = TR9CCA88DN;
						ProvisioningStyle = Automatic;
					};
				};
			};
			buildConfigurationList = EE9154C91F73B39C00AE188F /* Build configuration list for PBXProject "RecipePuppy" */;
			compatibilityVersion = "Xcode 3.2";
			developmentRegion = English;
			hasScannedForEncodings = 0;
			knownRegions = (
				en,
				Base,
			);
			mainGroup = EE9154C51F73B39B00AE188F;
			productRefGroup = EE9154CF1F73B39D00AE188F /* Products */;
			projectDirPath = "";
			projectRoot = "";
			targets = (
				EE9154CD1F73B39D00AE188F /* RecipePuppy */,
			);
		};
/* End PBXProject section */

/* Begin PBXResourcesBuildPhase section */
		EE9154CC1F73B39D00AE188F /* Resources */ = {
			isa = PBXResourcesBuildPhase;
			buildActionMask = 2147483647;
			files = (
				EE9154DC1F73B39F00AE188F /* LaunchScreen.storyboard in Resources */,
				EE9154D91F73B39F00AE188F /* Assets.xcassets in Resources */,
				EE9154D71F73B39F00AE188F /* Main.storyboard in Resources */,
			);
			runOnlyForDeploymentPostprocessing = 0;
		};
/* End PBXResourcesBuildPhase section */

/* Begin PBXSourcesBuildPhase section */
		EE9154CA1F73B39D00AE188F /* Sources */ = {
			isa = PBXSourcesBuildPhase;
			buildActionMask = 2147483647;
			files = (
				EE9154E41F73F14500AE188F /* SecondViewController.swift in Sources */,
				EE9154D41F73B39E00AE188F /* ViewController.swift in Sources */,
				EE9154D21F73B39E00AE188F /* AppDelegate.swift in Sources */,
			);
			runOnlyForDeploymentPostprocessing = 0;
		};
/* End PBXSourcesBuildPhase section */

/* Begin PBXVariantGroup section */
		EE9154D51F73B39F00AE188F /* Main.storyboard */ = {
			isa = PBXVariantGroup;
			children = (
				EE9154D61F73B39F00AE188F /* Base */,
			);
			name = Main.storyboard;
			sourceTree = "<group>";
		};
		EE9154DA1F73B39F00AE188F /* LaunchScreen.storyboard */ = {
			isa = PBXVariantGroup;
			children = (
				EE9154DB1F73B39F00AE188F /* Base */,
			);
			name = LaunchScreen.storyboard;
			sourceTree = "<group>";
		};
/* End PBXVariantGroup section */

/* Begin XCBuildConfiguration section */
		EE9154DE1F73B39F00AE188F /* Debug */ = {
			isa = XCBuildConfiguration;
			buildSettings = {
				ALWAYS_SEARCH_USER_PATHS = NO;
				CLANG_ANALYZER_NONNULL = YES;
				CLANG_ANALYZER_NUMBER_OBJECT_CONVERSION = YES_AGGRESSIVE;
				CLANG_CXX_LANGUAGE_STANDARD = "gnu++0x";
				CLANG_CXX_LIBRARY = "libc++";
				CLANG_ENABLE_MODULES = YES;
				CLANG_ENABLE_OBJC_ARC = YES;
				CLANG_WARN_BOOL_CONVERSION = YES;
				CLANG_WARN_CONSTANT_CONVERSION = YES;
				CLANG_WARN_DIRECT_OBJC_ISA_USAGE = YES_ERROR;
				CLANG_WARN_DOCUMENTATION_COMMENTS = YES;
				CLANG_WARN_EMPTY_BODY = YES;
				CLANG_WARN_ENUM_CONVERSION = YES;
				CLANG_WARN_INFINITE_RECURSION = YES;
				CLANG_WARN_INT_CONVERSION = YES;
				CLANG_WARN_OBJC_ROOT_CLASS = YES_ERROR;
				CLANG_WARN_SUSPICIOUS_MOVE = YES;
				CLANG_WARN_UNREACHABLE_CODE = YES;
				CLANG_WARN__DUPLICATE_METHOD_MATCH = YES;
				"CODE_SIGN_IDENTITY[sdk=iphoneos*]" = "iPhone Developer";
				COPY_PHASE_STRIP = NO;
				DEBUG_INFORMATION_FORMAT = dwarf;
				ENABLE_STRICT_OBJC_MSGSEND = YES;
				ENABLE_TESTABILITY = YES;
				GCC_C_LANGUAGE_STANDARD = gnu99;
				GCC_DYNAMIC_NO_PIC = NO;
				GCC_NO_COMMON_BLOCKS = YES;
				GCC_OPTIMIZATION_LEVEL = 0;
				GCC_PREPROCESSOR_DEFINITIONS = (
					"DEBUG=1",
					"$(inherited)",
				);
				GCC_WARN_64_TO_32_BIT_CONVERSION = YES;
				GCC_WARN_ABOUT_RETURN_TYPE = YES_ERROR;
				GCC_WARN_UNDECLARED_SELECTOR = YES;
				GCC_WARN_UNINITIALIZED_AUTOS = YES_AGGRESSIVE;
				GCC_WARN_UNUSED_FUNCTION = YES;
				GCC_WARN_UNUSED_VARIABLE = YES;
				IPHONEOS_DEPLOYMENT_TARGET = 10.3;
				MTL_ENABLE_DEBUG_INFO = YES;
				ONLY_ACTIVE_ARCH = YES;
				SDKROOT = iphoneos;
				SWIFT_ACTIVE_COMPILATION_CONDITIONS = DEBUG;
				SWIFT_OPTIMIZATION_LEVEL = "-Onone";
				TARGETED_DEVICE_FAMILY = "1,2";
			};
			name = Debug;
		};
		EE9154DF1F73B39F00AE188F /* Release */ = {
			isa = XCBuildConfiguration;
			buildSettings = {
				ALWAYS_SEARCH_USER_PATHS = NO;
				CLANG_ANALYZER_NONNULL = YES;
				CLANG_ANALYZER_NUMBER_OBJECT_CONVERSION = YES_AGGRESSIVE;
				CLANG_CXX_LANGUAGE_STANDARD = "gnu++0x";
				CLANG_CXX_LIBRARY = "libc++";
				CLANG_ENABLE_MODULES = YES;
				CLANG_ENABLE_OBJC_ARC = YES;
				CLANG_WARN_BOOL_CONVERSION = YES;
				CLANG_WARN_CONSTANT_CONVERSION = YES;
				CLANG_WARN_DIRECT_OBJC_ISA_USAGE = YES_ERROR;
				CLANG_WARN_DOCUMENTATION_COMMENTS = YES;
				CLANG_WARN_EMPTY_BODY = YES;
				CLANG_WARN_ENUM_CONVERSION = YES;
				CLANG_WARN_INFINITE_RECURSION = YES;
				CLANG_WARN_INT_CONVERSION = YES;
				CLANG_WARN_OBJC_ROOT_CLASS = YES_ERROR;
				CLANG_WARN_SUSPICIOUS_MOVE = YES;
				CLANG_WARN_UNREACHABLE_CODE = YES;
				CLANG_WARN__DUPLICATE_METHOD_MATCH = YES;
				"CODE_SIGN_IDENTITY[sdk=iphoneos*]" = "iPhone Developer";
				COPY_PHASE_STRIP = NO;
				DEBUG_INFORMATION_FORMAT = "dwarf-with-dsym";
				ENABLE_NS_ASSERTIONS = NO;
				ENABLE_STRICT_OBJC_MSGSEND = YES;
				GCC_C_LANGUAGE_STANDARD = gnu99;
				GCC_NO_COMMON_BLOCKS = YES;
				GCC_WARN_64_TO_32_BIT_CONVERSION = YES;
				GCC_WARN_ABOUT_RETURN_TYPE = YES_ERROR;
				GCC_WARN_UNDECLARED_SELECTOR = YES;
				GCC_WARN_UNINITIALIZED_AUTOS = YES_AGGRESSIVE;
				GCC_WARN_UNUSED_FUNCTION = YES;
				GCC_WARN_UNUSED_VARIABLE = YES;
				IPHONEOS_DEPLOYMENT_TARGET = 10.3;
				MTL_ENABLE_DEBUG_INFO = NO;
				SDKROOT = iphoneos;
				SWIFT_OPTIMIZATION_LEVEL = "-Owholemodule";
				TARGETED_DEVICE_FAMILY = "1,2";
				VALIDATE_PRODUCT = YES;
			};
			name = Release;
		};
		EE9154E11F73B39F00AE188F /* Debug */ = {
			isa = XCBuildConfiguration;
			buildSettings = {
				ASSETCATALOG_COMPILER_APPICON_NAME = AppIcon;
				DEVELOPMENT_TEAM = TR9CCA88DN;
				INFOPLIST_FILE = RecipePuppy/Info.plist;
				LD_RUNPATH_SEARCH_PATHS = "$(inherited) @executable_path/Frameworks";
				PRODUCT_BUNDLE_IDENTIFIER = applett.RecipePuppy;
				PRODUCT_NAME = "$(TARGET_NAME)";
				SWIFT_VERSION = 3.0;
			};
			name = Debug;
		};
		EE9154E21F73B39F00AE188F /* Release */ = {
			isa = XCBuildConfiguration;
			buildSettings = {
				ASSETCATALOG_COMPILER_APPICON_NAME = AppIcon;
				DEVELOPMENT_TEAM = TR9CCA88DN;
				INFOPLIST_FILE = RecipePuppy/Info.plist;
				LD_RUNPATH_SEARCH_PATHS = "$(inherited) @executable_path/Frameworks";
				PRODUCT_BUNDLE_IDENTIFIER = applett.RecipePuppy;
				PRODUCT_NAME = "$(TARGET_NAME)";
				SWIFT_VERSION = 3.0;
			};
			name = Release;
		};
/* End XCBuildConfiguration section */

/* Begin XCConfigurationList section */
		EE9154C91F73B39C00AE188F /* Build configuration list for PBXProject "RecipePuppy" */ = {
			isa = XCConfigurationList;
			buildConfigurations = (
				EE9154DE1F73B39F00AE188F /* Debug */,
				EE9154DF1F73B39F00AE188F /* Release */,
			);
			defaultConfigurationIsVisible = 0;
			defaultConfigurationName = Release;
		};
		EE9154E01F73B39F00AE188F /* Build configuration list for PBXNativeTarget "RecipePuppy" */ = {
			isa = XCConfigurationList;
			buildConfigurations = (
				EE9154E11F73B39F00AE188F /* Debug */,
				EE9154E21F73B39F00AE188F /* Release */,
			);
			defaultConfigurationIsVisible = 0;
		};
/* End XCConfigurationList section */
	};
	rootObject = EE9154C61F73B39B00AE188F /* Project object */;
}
